// !$*UTF8*$!
{
	archiveVersion = 1;
	classes = {
	};
	objectVersion = 46;
	objects = {

/* Begin PBXBuildFile section */
		1872D01F1611D18300818850 /* UIKit.framework in Frameworks */ = {isa = PBXBuildFile; fileRef = 1872D01E1611D18300818850 /* UIKit.framework */; };
		1872D0201611D18300818850 /* Foundation.framework in Frameworks */ = {isa = PBXBuildFile; fileRef = 1872D0061611D04600818850 /* Foundation.framework */; };
		1872D0221611D18300818850 /* CoreGraphics.framework in Frameworks */ = {isa = PBXBuildFile; fileRef = 1872D0211611D18300818850 /* CoreGraphics.framework */; };
		1872D0281611D18300818850 /* InfoPlist.strings in Resources */ = {isa = PBXBuildFile; fileRef = 1872D0261611D18300818850 /* InfoPlist.strings */; };
		1872D02A1611D18300818850 /* main.m in Sources */ = {isa = PBXBuildFile; fileRef = 1872D0291611D18300818850 /* main.m */; };
		1872D02E1611D18300818850 /* AppDelegate.m in Sources */ = {isa = PBXBuildFile; fileRef = 1872D02D1611D18300818850 /* AppDelegate.m */; };
		1872D0301611D18300818850 /* Default.png in Resources */ = {isa = PBXBuildFile; fileRef = 1872D02F1611D18300818850 /* Default.png */; };
		1872D0321611D18300818850 /* Default@2x.png in Resources */ = {isa = PBXBuildFile; fileRef = 1872D0311611D18300818850 /* Default@2x.png */; };
		1872D0341611D18300818850 /* Default-568h@2x.png in Resources */ = {isa = PBXBuildFile; fileRef = 1872D0331611D18300818850 /* Default-568h@2x.png */; };
		1872D0371611D18300818850 /* MainStoryboard_iPhone.storyboard in Resources */ = {isa = PBXBuildFile; fileRef = 1872D0351611D18300818850 /* MainStoryboard_iPhone.storyboard */; };
		1872D03A1611D18300818850 /* MainStoryboard_iPad.storyboard in Resources */ = {isa = PBXBuildFile; fileRef = 1872D0381611D18300818850 /* MainStoryboard_iPad.storyboard */; };
		1872D03D1611D18300818850 /* ViewController.m in Sources */ = {isa = PBXBuildFile; fileRef = 1872D03C1611D18300818850 /* ViewController.m */; };
		1872D0411611D18B00818850 /* FPNoInternetBar.m in Sources */ = {isa = PBXBuildFile; fileRef = 1872D0161611D0D900818850 /* FPNoInternetBar.m */; };
		1872D0471611E9D300818850 /* Reachability.m in Sources */ = {isa = PBXBuildFile; fileRef = 1872D0451611E9D300818850 /* Reachability.m */; };
		1872D04A1611F3D700818850 /* CFNetwork.framework in Frameworks */ = {isa = PBXBuildFile; fileRef = 1872D0491611F3D700818850 /* CFNetwork.framework */; };
		1872D04C1611F3FE00818850 /* SystemConfiguration.framework in Frameworks */ = {isa = PBXBuildFile; fileRef = 1872D04B1611F3FE00818850 /* SystemConfiguration.framework */; };
		1872D0641611FBD500818850 /* FPKit.m in Sources */ = {isa = PBXBuildFile; fileRef = 1872D0621611FBD500818850 /* FPKit.m */; };
		1872D074161217CD00818850 /* fp_bar_red_background.png in Resources */ = {isa = PBXBuildFile; fileRef = 1872D0721612178500818850 /* fp_bar_red_background.png */; };
		1872D075161217CD00818850 /* fp_bar_red_background@2x.png in Resources */ = {isa = PBXBuildFile; fileRef = 1872D0731612178500818850 /* fp_bar_red_background@2x.png */; };
/* End PBXBuildFile section */

/* Begin PBXCopyFilesBuildPhase section */
		1872D06B16120AC100818850 /* CopyFiles */ = {
			isa = PBXCopyFilesBuildPhase;
			buildActionMask = 12;
			dstPath = "";
			dstSubfolderSpec = 7;
			files = (
			);
			runOnlyForDeploymentPostprocessing = 0;
		};
/* End PBXCopyFilesBuildPhase section */

/* Begin PBXFileReference section */
		1872D0061611D04600818850 /* Foundation.framework */ = {isa = PBXFileReference; lastKnownFileType = wrapper.framework; name = Foundation.framework; path = System/Library/Frameworks/Foundation.framework; sourceTree = SDKROOT; };
		1872D00A1611D04600818850 /* FPKit-Prefix.pch */ = {isa = PBXFileReference; lastKnownFileType = sourcecode.c.h; path = "FPKit-Prefix.pch"; sourceTree = "<group>"; };
		1872D0151611D0D900818850 /* FPNoInternetBar.h */ = {isa = PBXFileReference; fileEncoding = 4; lastKnownFileType = sourcecode.c.h; path = FPNoInternetBar.h; sourceTree = "<group>"; };
		1872D0161611D0D900818850 /* FPNoInternetBar.m */ = {isa = PBXFileReference; fileEncoding = 4; lastKnownFileType = sourcecode.c.objc; path = FPNoInternetBar.m; sourceTree = "<group>"; };
		1872D01C1611D18300818850 /* FPKitExamples.app */ = {isa = PBXFileReference; explicitFileType = wrapper.application; includeInIndex = 0; path = FPKitExamples.app; sourceTree = BUILT_PRODUCTS_DIR; };
		1872D01E1611D18300818850 /* UIKit.framework */ = {isa = PBXFileReference; lastKnownFileType = wrapper.framework; name = UIKit.framework; path = System/Library/Frameworks/UIKit.framework; sourceTree = SDKROOT; };
		1872D0211611D18300818850 /* CoreGraphics.framework */ = {isa = PBXFileReference; lastKnownFileType = wrapper.framework; name = CoreGraphics.framework; path = System/Library/Frameworks/CoreGraphics.framework; sourceTree = SDKROOT; };
		1872D0251611D18300818850 /* FPKitExamples-Info.plist */ = {isa = PBXFileReference; lastKnownFileType = text.plist.xml; path = "FPKitExamples-Info.plist"; sourceTree = "<group>"; };
		1872D0271611D18300818850 /* en */ = {isa = PBXFileReference; lastKnownFileType = text.plist.strings; name = en; path = en.lproj/InfoPlist.strings; sourceTree = "<group>"; };
		1872D0291611D18300818850 /* main.m */ = {isa = PBXFileReference; lastKnownFileType = sourcecode.c.objc; path = main.m; sourceTree = "<group>"; };
		1872D02B1611D18300818850 /* FPKitExamples-Prefix.pch */ = {isa = PBXFileReference; lastKnownFileType = sourcecode.c.h; path = "FPKitExamples-Prefix.pch"; sourceTree = "<group>"; };
		1872D02C1611D18300818850 /* AppDelegate.h */ = {isa = PBXFileReference; lastKnownFileType = sourcecode.c.h; path = AppDelegate.h; sourceTree = "<group>"; };
		1872D02D1611D18300818850 /* AppDelegate.m */ = {isa = PBXFileReference; lastKnownFileType = sourcecode.c.objc; path = AppDelegate.m; sourceTree = "<group>"; };
		1872D02F1611D18300818850 /* Default.png */ = {isa = PBXFileReference; lastKnownFileType = image.png; path = Default.png; sourceTree = "<group>"; };
		1872D0311611D18300818850 /* Default@2x.png */ = {isa = PBXFileReference; lastKnownFileType = image.png; path = "Default@2x.png"; sourceTree = "<group>"; };
		1872D0331611D18300818850 /* Default-568h@2x.png */ = {isa = PBXFileReference; lastKnownFileType = image.png; path = "Default-568h@2x.png"; sourceTree = "<group>"; };
		1872D0361611D18300818850 /* en */ = {isa = PBXFileReference; lastKnownFileType = file.storyboard; name = en; path = en.lproj/MainStoryboard_iPhone.storyboard; sourceTree = "<group>"; };
		1872D0391611D18300818850 /* en */ = {isa = PBXFileReference; lastKnownFileType = file.storyboard; name = en; path = en.lproj/MainStoryboard_iPad.storyboard; sourceTree = "<group>"; };
		1872D03B1611D18300818850 /* ViewController.h */ = {isa = PBXFileReference; lastKnownFileType = sourcecode.c.h; path = ViewController.h; sourceTree = "<group>"; };
		1872D03C1611D18300818850 /* ViewController.m */ = {isa = PBXFileReference; lastKnownFileType = sourcecode.c.objc; path = ViewController.m; sourceTree = "<group>"; };
		1872D0441611E9D300818850 /* Reachability.h */ = {isa = PBXFileReference; fileEncoding = 4; lastKnownFileType = sourcecode.c.h; name = Reachability.h; path = Reachability/Reachability.h; sourceTree = SOURCE_ROOT; };
		1872D0451611E9D300818850 /* Reachability.m */ = {isa = PBXFileReference; fileEncoding = 4; lastKnownFileType = sourcecode.c.objc; name = Reachability.m; path = Reachability/Reachability.m; sourceTree = SOURCE_ROOT; };
		1872D0491611F3D700818850 /* CFNetwork.framework */ = {isa = PBXFileReference; lastKnownFileType = wrapper.framework; name = CFNetwork.framework; path = System/Library/Frameworks/CFNetwork.framework; sourceTree = SDKROOT; };
		1872D04B1611F3FE00818850 /* SystemConfiguration.framework */ = {isa = PBXFileReference; lastKnownFileType = wrapper.framework; name = SystemConfiguration.framework; path = System/Library/Frameworks/SystemConfiguration.framework; sourceTree = SDKROOT; };
		1872D0531611FB4100818850 /* CoreFoundation.framework */ = {isa = PBXFileReference; lastKnownFileType = wrapper.framework; name = CoreFoundation.framework; path = System/Library/Frameworks/CoreFoundation.framework; sourceTree = SDKROOT; };
		1872D0611611FBD500818850 /* FPKit.h */ = {isa = PBXFileReference; fileEncoding = 4; lastKnownFileType = sourcecode.c.h; path = FPKit.h; sourceTree = "<group>"; };
		1872D0621611FBD500818850 /* FPKit.m */ = {isa = PBXFileReference; fileEncoding = 4; lastKnownFileType = sourcecode.c.objc; path = FPKit.m; sourceTree = "<group>"; };
		1872D0721612178500818850 /* fp_bar_red_background.png */ = {isa = PBXFileReference; lastKnownFileType = image.png; path = fp_bar_red_background.png; sourceTree = "<group>"; };
		1872D0731612178500818850 /* fp_bar_red_background@2x.png */ = {isa = PBXFileReference; lastKnownFileType = image.png; path = "fp_bar_red_background@2x.png"; sourceTree = "<group>"; };
/* End PBXFileReference section */

/* Begin PBXFrameworksBuildPhase section */
		1872D0191611D18300818850 /* Frameworks */ = {
			isa = PBXFrameworksBuildPhase;
			buildActionMask = 2147483647;
			files = (
				1872D04C1611F3FE00818850 /* SystemConfiguration.framework in Frameworks */,
				1872D04A1611F3D700818850 /* CFNetwork.framework in Frameworks */,
				1872D01F1611D18300818850 /* UIKit.framework in Frameworks */,
				1872D0201611D18300818850 /* Foundation.framework in Frameworks */,
				1872D0221611D18300818850 /* CoreGraphics.framework in Frameworks */,
			);
			runOnlyForDeploymentPostprocessing = 0;
		};
/* End PBXFrameworksBuildPhase section */

/* Begin PBXGroup section */
		1872CFF81611D04600818850 = {
			isa = PBXGroup;
			children = (
				1872D0081611D04600818850 /* FPKit */,
				1872D0231611D18300818850 /* FPKitExamples */,
				1872D0051611D04600818850 /* Frameworks */,
				1872D0041611D04600818850 /* Products */,
			);
			sourceTree = "<group>";
		};
		1872D0041611D04600818850 /* Products */ = {
			isa = PBXGroup;
			children = (
				1872D01C1611D18300818850 /* FPKitExamples.app */,
			);
			name = Products;
			sourceTree = "<group>";
		};
		1872D0051611D04600818850 /* Frameworks */ = {
			isa = PBXGroup;
			children = (
				1872D04B1611F3FE00818850 /* SystemConfiguration.framework */,
				1872D0491611F3D700818850 /* CFNetwork.framework */,
				1872D0061611D04600818850 /* Foundation.framework */,
				1872D01E1611D18300818850 /* UIKit.framework */,
				1872D0211611D18300818850 /* CoreGraphics.framework */,
				1872D0531611FB4100818850 /* CoreFoundation.framework */,
			);
			name = Frameworks;
			sourceTree = "<group>";
		};
		1872D0081611D04600818850 /* FPKit */ = {
			isa = PBXGroup;
			children = (
				1872D0421611D38300818850 /* extLibs */,
				1872D0611611FBD500818850 /* FPKit.h */,
				1872D0621611FBD500818850 /* FPKit.m */,
				1872D0141611D05600818850 /* Bars */,
				1872D06E16120E5000818850 /* Resources */,
				1872D0091611D04600818850 /* Supporting Files */,
			);
			path = FPKit;
			sourceTree = "<group>";
		};
		1872D0091611D04600818850 /* Supporting Files */ = {
			isa = PBXGroup;
			children = (
				1872D00A1611D04600818850 /* FPKit-Prefix.pch */,
			);
			name = "Supporting Files";
			sourceTree = "<group>";
		};
		1872D0141611D05600818850 /* Bars */ = {
			isa = PBXGroup;
			children = (
				1872D0151611D0D900818850 /* FPNoInternetBar.h */,
				1872D0161611D0D900818850 /* FPNoInternetBar.m */,
			);
			name = Bars;
			sourceTree = "<group>";
		};
		1872D0231611D18300818850 /* FPKitExamples */ = {
			isa = PBXGroup;
			children = (
				1872D02C1611D18300818850 /* AppDelegate.h */,
				1872D02D1611D18300818850 /* AppDelegate.m */,
				1872D0351611D18300818850 /* MainStoryboard_iPhone.storyboard */,
				1872D0381611D18300818850 /* MainStoryboard_iPad.storyboard */,
				1872D03B1611D18300818850 /* ViewController.h */,
				1872D03C1611D18300818850 /* ViewController.m */,
				1872D0241611D18300818850 /* Supporting Files */,
			);
			path = FPKitExamples;
			sourceTree = "<group>";
		};
		1872D0241611D18300818850 /* Supporting Files */ = {
			isa = PBXGroup;
			children = (
				1872D0251611D18300818850 /* FPKitExamples-Info.plist */,
				1872D0261611D18300818850 /* InfoPlist.strings */,
				1872D0291611D18300818850 /* main.m */,
				1872D02B1611D18300818850 /* FPKitExamples-Prefix.pch */,
				1872D02F1611D18300818850 /* Default.png */,
				1872D0311611D18300818850 /* Default@2x.png */,
				1872D0331611D18300818850 /* Default-568h@2x.png */,
			);
			name = "Supporting Files";
			sourceTree = "<group>";
		};
		1872D0421611D38300818850 /* extLibs */ = {
			isa = PBXGroup;
			children = (
				1872D0431611D38800818850 /* Reachability */,
			);
			name = extLibs;
			sourceTree = "<group>";
		};
		1872D0431611D38800818850 /* Reachability */ = {
			isa = PBXGroup;
			children = (
				1872D0441611E9D300818850 /* Reachability.h */,
				1872D0451611E9D300818850 /* Reachability.m */,
			);
			name = Reachability;
			sourceTree = "<group>";
		};
		1872D06E16120E5000818850 /* Resources */ = {
			isa = PBXGroup;
			children = (
				1872D06F16120E5800818850 /* images */,
			);
			name = Resources;
			sourceTree = "<group>";
		};
		1872D06F16120E5800818850 /* images */ = {
			isa = PBXGroup;
			children = (
				1872D0721612178500818850 /* fp_bar_red_background.png */,
				1872D0731612178500818850 /* fp_bar_red_background@2x.png */,
			);
			name = images;
			sourceTree = "<group>";
		};
/* End PBXGroup section */

/* Begin PBXNativeTarget section */
		1872D01B1611D18300818850 /* FPKitExamples */ = {
			isa = PBXNativeTarget;
			buildConfigurationList = 1872D03E1611D18300818850 /* Build configuration list for PBXNativeTarget "FPKitExamples" */;
			buildPhases = (
				1872D0181611D18300818850 /* Sources */,
				1872D0191611D18300818850 /* Frameworks */,
				1872D01A1611D18300818850 /* Resources */,
				1872D06B16120AC100818850 /* CopyFiles */,
			);
			buildRules = (
			);
			dependencies = (
			);
			name = FPKitExamples;
			productName = FPKitExamples;
			productReference = 1872D01C1611D18300818850 /* FPKitExamples.app */;
			productType = "com.apple.product-type.application";
		};
/* End PBXNativeTarget section */

/* Begin PBXProject section */
		1872CFFA1611D04600818850 /* Project object */ = {
			isa = PBXProject;
			attributes = {
				LastUpgradeCheck = 0450;
				ORGANIZATIONNAME = "Fifty Pixels Ltd";
			};
			buildConfigurationList = 1872CFFD1611D04600818850 /* Build configuration list for PBXProject "FPKit" */;
			compatibilityVersion = "Xcode 3.2";
			developmentRegion = English;
			hasScannedForEncodings = 0;
			knownRegions = (
				en,
			);
			mainGroup = 1872CFF81611D04600818850;
			productRefGroup = 1872D0041611D04600818850 /* Products */;
			projectDirPath = "";
			projectRoot = "";
			targets = (
				1872D01B1611D18300818850 /* FPKitExamples */,
			);
		};
/* End PBXProject section */

/* Begin PBXResourcesBuildPhase section */
		1872D01A1611D18300818850 /* Resources */ = {
			isa = PBXResourcesBuildPhase;
			buildActionMask = 2147483647;
			files = (
				1872D0281611D18300818850 /* InfoPlist.strings in Resources */,
				1872D0301611D18300818850 /* Default.png in Resources */,
				1872D0321611D18300818850 /* Default@2x.png in Resources */,
				1872D0341611D18300818850 /* Default-568h@2x.png in Resources */,
				1872D0371611D18300818850 /* MainStoryboard_iPhone.storyboard in Resources */,
				1872D03A1611D18300818850 /* MainStoryboard_iPad.storyboard in Resources */,
				1872D074161217CD00818850 /* fp_bar_red_background.png in Resources */,
				1872D075161217CD00818850 /* fp_bar_red_background@2x.png in Resources */,
			);
			runOnlyForDeploymentPostprocessing = 0;
		};
/* End PBXResourcesBuildPhase section */

/* Begin PBXSourcesBuildPhase section */
		1872D0181611D18300818850 /* Sources */ = {
			isa = PBXSourcesBuildPhase;
			buildActionMask = 2147483647;
			files = (
				1872D02A1611D18300818850 /* main.m in Sources */,
				1872D02E1611D18300818850 /* AppDelegate.m in Sources */,
				1872D03D1611D18300818850 /* ViewController.m in Sources */,
				1872D0411611D18B00818850 /* FPNoInternetBar.m in Sources */,
				1872D0471611E9D300818850 /* Reachability.m in Sources */,
				1872D0641611FBD500818850 /* FPKit.m in Sources */,
			);
			runOnlyForDeploymentPostprocessing = 0;
		};
/* End PBXSourcesBuildPhase section */

/* Begin PBXVariantGroup section */
		1872D0261611D18300818850 /* InfoPlist.strings */ = {
			isa = PBXVariantGroup;
			children = (
				1872D0271611D18300818850 /* en */,
			);
			name = InfoPlist.strings;
			sourceTree = "<group>";
		};
		1872D0351611D18300818850 /* MainStoryboard_iPhone.storyboard */ = {
			isa = PBXVariantGroup;
			children = (
				1872D0361611D18300818850 /* en */,
			);
			name = MainStoryboard_iPhone.storyboard;
			sourceTree = "<group>";
		};
		1872D0381611D18300818850 /* MainStoryboard_iPad.storyboard */ = {
			isa = PBXVariantGroup;
			children = (
				1872D0391611D18300818850 /* en */,
			);
			name = MainStoryboard_iPad.storyboard;
			sourceTree = "<group>";
		};
/* End PBXVariantGroup section */

/* Begin XCBuildConfiguration section */
		1872D00F1611D04600818850 /* Debug */ = {
			isa = XCBuildConfiguration;
			buildSettings = {
				ALWAYS_SEARCH_USER_PATHS = NO;
				CLANG_CXX_LANGUAGE_STANDARD = "gnu++0x";
				CLANG_CXX_LIBRARY = "libc++";
				CLANG_WARN_EMPTY_BODY = YES;
				CLANG_WARN__DUPLICATE_METHOD_MATCH = YES;
				COPY_PHASE_STRIP = NO;
				GCC_C_LANGUAGE_STANDARD = gnu99;
				GCC_DYNAMIC_NO_PIC = NO;
				GCC_OPTIMIZATION_LEVEL = 0;
				GCC_PREPROCESSOR_DEFINITIONS = (
					"DEBUG=1",
					"$(inherited)",
				);
				GCC_SYMBOLS_PRIVATE_EXTERN = NO;
				GCC_WARN_ABOUT_RETURN_TYPE = YES;
				GCC_WARN_UNINITIALIZED_AUTOS = YES;
				GCC_WARN_UNUSED_VARIABLE = YES;
				IPHONEOS_DEPLOYMENT_TARGET = 6.0;
				SDKROOT = iphoneos;
			};
			name = Debug;
		};
		1872D0101611D04600818850 /* Release */ = {
			isa = XCBuildConfiguration;
			buildSettings = {
				ALWAYS_SEARCH_USER_PATHS = NO;
				CLANG_CXX_LANGUAGE_STANDARD = "gnu++0x";
				CLANG_CXX_LIBRARY = "libc++";
				CLANG_WARN_EMPTY_BODY = YES;
				CLANG_WARN__DUPLICATE_METHOD_MATCH = YES;
				COPY_PHASE_STRIP = YES;
				GCC_C_LANGUAGE_STANDARD = gnu99;
				GCC_WARN_ABOUT_RETURN_TYPE = YES;
				GCC_WARN_UNINITIALIZED_AUTOS = YES;
				GCC_WARN_UNUSED_VARIABLE = YES;
				IPHONEOS_DEPLOYMENT_TARGET = 6.0;
				SDKROOT = iphoneos;
				VALIDATE_PRODUCT = YES;
			};
			name = Release;
		};
		1872D03F1611D18300818850 /* Debug */ = {
			isa = XCBuildConfiguration;
			buildSettings = {
				"CODE_SIGN_IDENTITY[sdk=iphoneos*]" = "iPhone Developer";
				GCC_PRECOMPILE_PREFIX_HEADER = YES;
				GCC_PREFIX_HEADER = "FPKitExamples/FPKitExamples-Prefix.pch";
				INFOPLIST_FILE = "FPKitExamples/FPKitExamples-Info.plist";
				IPHONEOS_DEPLOYMENT_TARGET = 5.0;
				PRODUCT_NAME = "$(TARGET_NAME)";
				TARGETED_DEVICE_FAMILY = "1,2";
				WRAPPER_EXTENSION = app;
			};
			name = Debug;
		};
		1872D0401611D18300818850 /* Release */ = {
			isa = XCBuildConfiguration;
			buildSettings = {
				"CODE_SIGN_IDENTITY[sdk=iphoneos*]" = "iPhone Developer";
				GCC_PRECOMPILE_PREFIX_HEADER = YES;
				GCC_PREFIX_HEADER = "FPKitExamples/FPKitExamples-Prefix.pch";
				INFOPLIST_FILE = "FPKitExamples/FPKitExamples-Info.plist";
				IPHONEOS_DEPLOYMENT_TARGET = 5.0;
				OTHER_CFLAGS = "-DNS_BLOCK_ASSERTIONS=1";
				PRODUCT_NAME = "$(TARGET_NAME)";
				TARGETED_DEVICE_FAMILY = "1,2";
				WRAPPER_EXTENSION = app;
			};
			name = Release;
		};
/* End XCBuildConfiguration section */

/* Begin XCConfigurationList section */
		1872CFFD1611D04600818850 /* Build configuration list for PBXProject "FPKit" */ = {
			isa = XCConfigurationList;
			buildConfigurations = (
				1872D00F1611D04600818850 /* Debug */,
				1872D0101611D04600818850 /* Release */,
			);
			defaultConfigurationIsVisible = 0;
			defaultConfigurationName = Release;
		};
		1872D03E1611D18300818850 /* Build configuration list for PBXNativeTarget "FPKitExamples" */ = {
			isa = XCConfigurationList;
			buildConfigurations = (
				1872D03F1611D18300818850 /* Debug */,
				1872D0401611D18300818850 /* Release */,
			);
			defaultConfigurationIsVisible = 0;
		};
/* End XCConfigurationList section */
	};
	rootObject = 1872CFFA1611D04600818850 /* Project object */;
}
